github.com/beevik/etree v1.8.0 h1:TOfpQtMZ3ZuG9f2ZnLvsbOOVxrjTvE0qbYb5D0p44j0=
github.com/beevik/etree v1.8.0/go.mod h1:bh4zJxiIr62SOf9pRzN7UUYaEDa9HEKafK25+sLc0Gc=
github.com/davecgh/go-spew v1.1.0/go.mod h1:J7Y8YcW2NihsgmVo/mv3lAwl/skON4iLHjSsI+c5H38=
github.com/go-jose/go-jose/v4 v4.1.5 h1:RjgjO2LOtWOJKUC5wpwY9LR3B3vwVAz6JS2YHfYU6eA=
github.com/go-jose/go-jose/v4 v4.1.5/go.mod h1:x4oUasVrzR7071A4TnHLGSPpNOm2a21K9Kf04k1rs08=
github.com/golang-jwt/jwt/v5 v5.3.1 h1:kYf81DTWFe7t+1VvL7eS+jKFVWaUnK9cB1qbwn63YCY=
github.com/golang-jwt/jwt/v5 v5.3.1/go.mod h1:fxCRLWMO43lRc8nhHWY6LGqRcf+1gQWArsqaEUEa5bE=
github.com/google/go-cmp v0.7.0 h1:wk8382ETsv4JYUZwIsn6YpYiWiBsYLSJiTsyBybVuN8=
github.com/google/go-cmp v0.7.0/go.mod h1:pXiqmnSA92OHEEa9HXL2W4E7lf9JzCmGVUdgjX3N/iU=
github.com/google/uuid v1.6.0 h1:NIvaJDMOsjHA8n1jAhLSgzrAzy1Hgr+hNrb57e+94F0=
github.com/google/uuid v1.6.0/go.mod h1:TIyPZe4MgqvfeYDBFedMoGGpEw/LqOeaOT+nhxU+yHo=
github.com/gopacket/gopacket v1.7.2 h1:ttSVNW9A3eUFaSd9+D95aD03Knk2j7KfajhN5twYSHo=
github.com/gopacket/gopacket v1.7.2/go.mod h1:QKowPlTLrQU2rqV5C5I14Aoaid3l8da3kbddibc/Wgk=
github.com/in4it/go-devops-platform v0.1.14 h1:Y3RArU7XfJ+Q268zp/3E6PhKQ1d2RZFn5nlSWde4hCg=
github.com/in4it/go-devops-platform v0.1.14/go.mod h1:0roM+/UKqn7tWfmGLbpibe69Rm62UDJbzLMogoirGQ4=
github.com/jonboulle/clockwork v0.5.0 h1:Hyh9A8u51kptdkR+cqRpT1EebBwTn1oK9YfGYbdFz6I=
github.com/jonboulle/clockwork v0.5.0/go.mod h1:3mZlmanh0g2NDKO5TWZVJAfofYk64M7XN3SzBPjZF60=
github.com/mattermost/xml-roundtrip-validator v0.1.0 h1:RXbVD2UAl7A7nOTR4u7E3ILa4IbtvKBHw64LDsmu9hU=
github.com/mattermost/xml-roundtrip-validator v0.1.0/go.mod h1:qccnGMcpgwcNaBnxqpJpWWUiPNr5H3O8eDgGV9gT5To=
github.com/mdlayher/genetlink v1.4.0 h1:f/Xs7Y2T+GyX9b3dbiUhnLE9InGs5F9RxJ2JwBMl71o=
github.com/mdlayher/genetlink v1.4.0/go.mod h1:d1hrKr8fwZU2JkcAtQUAzeTrI7nbgQSl+5k1cC0biSA=
github.com/mdlayher/netlink v1.11.2 h1:HKh2jqe+omdSWcQ88nrT7INE61B0NXfiSPFdgL4YbNI=
github.com/mdlayher/netlink v1.11.2/go.mod h1:uT2Yc/QLaZubzDpZIBi9d4GoeLwtp3x1AMeqSRrK2sA=
github.com/mdlayher/socket v0.7.0 h1:qVREPVwtUMg17pwvveQxpurq0PVisMxi3FGgpsorMYQ=
github.com/mdlayher/socket v0.7.0/go.mod h1:f7iKql2EK/rfsWYDKofKjk2Ig7I+6HQWdMIdn1tO4A4=
github.com/packetcap/go-pcap v0.0.0-20260731105150-c86974bbfbcd h1:lRlH5Jge3npkPSIPn2KoD+X+amqeiaz15RRLemt3mMA=
github.com/packetcap/go-pcap v0.0.0-20260731105150-c86974bbfbcd/go.mod h1:wQ9T8epu/dBnGtVB7SwXIGZE3FEy6h2e9zCEZIUnpho=
github.com/pmezard/go-difflib v1.0.0/go.mod h1:iKH77koFhYxTK1pcRnkKkqfTogsbg7gZNVY4sRDYZ/4=
github.com/russellhaering/gosaml2 v0.12.0 h1:/otu5cL+pAUnO41Mi2zAbOd6GP+pTqYCMBUlxL8yw4E=
github.com/russellhaering/gosaml2 v0.12.0/go.mod h1:txFBNgTGPBhdtNqMo+XR5YPqavMyqhks5GL0scTP+r4=
github.com/russellhaering/goxmldsig v1.6.1 h1:SB7R5ttvrGIDB2juJAK/i7DQ2Ivr7agG+ohfNJjwyYU=
github.com/russellhaering/goxmldsig v1.6.1/go.mod h1:haZkRcLs9W/Xp989fIjP3BrTdbFQveRF0QNZSYoH09w=
github.com/sirupsen/logrus v1.10.2 h1:G2SED73/qrAu6YwbdxOD6peLkCBI3z7L+ykJFTXJBBo=
github.com/sirupsen/logrus v1.10.2/go.mod h1:SLEg8TqYulVKKfIGHldVp2K2aYz2DKSVBq4g/H5bR7Q=
github.com/stretchr/objx v0.1.0/go.mod h1:HFkY916IF+rwdDfMAkV7OtwuqBVzrE8GR6GFx+wExME=
github.com/stretchr/testify v1.6.1/go.mod h1:6Fq8oRcR53rry900zMqJjRRixrwX3KX962/h/Wwjteg=
github.com/stretchr/testify v1.12.1 h1:EuwCh5fleGS7H32xRwO3wRGT7DxrDhLAT6FF8MpWDWE=
github.com/stretchr/testify v1.12.1/go.mod h1:MDEgiDPPsNp5cuIrHPPCyornHKgEVbtFUmoNlxoYthg=
go.yaml.in/yaml/v3 v3.0.5 h1:N6y/pJk8buWs9NY5ERU2HSMfm+IuD/OtfdAnq6kESPw=
go.yaml.in/yaml/v3 v3.0.5/go.mod h1:HVTZu1O7/Vkt2N+BFy8Zza+lnLsABggaTM2ZpNIGuKg=
golang.org/x/crypto v0.57.0 h1:3ZVCjf8Ggz7zneR/EHRVx68Ctf+2pmIMP2UFhh9cC6M=
golang.org/x/crypto v0.57.0/go.mod h1:Fdz0i5U6CoizGwLda9DttjSk6qlZo25zYNtR+ycvuZA=
golang.org/x/net v0.59.0 h1:5zfYln+w5XCxwrnMMJPufRgNoXEaGxl0wo5GqPXyues=
golang.org/x/net v0.59.0/go.mod h1:2DA/G1UfVbCpQPeWTmMPGY7Cs2PkBkwu743bVX5PIVg=
golang.org/x/sync v0.23.0 h1:KameEIfc1IkluZyXWLn39Wd4tURc6GbCiISGiZm2bQk=
golang.org/x/sync v0.23.0/go.mod h1:sUUOizhqBxiL6pEWpqNLUiaJn1ShEbZ6BBqskPbjZm0=
golang.org/x/sys v0.48.0 h1:bbX/i/6MgT9BVLM9RT1thmxL04yeTAhbEz4SyadbXoo=
golang.org/x/sys v0.48.0/go.mod h1:hNLxWAXmnKAxqDtdwIYC4bM9oQPEecfsnNMuSxOs3og=
golang.org/x/term v0.46.0 h1:3+OXuTbaKDgwk8jTi3aSLHRlmWqHEUDUtxnbFigO4YE=
golang.org/x/term v0.46.0/go.mod h1:+K02xbkittuwc0Am4abfA3Fc+XRGXkvBXNO88NCXPoc=
golang.org/x/text v0.42.0 h1:JbOZXgfeCPU9gacVtYliJqOhD+zhrEqK4LfdpmlUZqI=
golang.org/x/text v0.42.0/go.mod h1:ojzP1Z+2QtioaF8DTtO8K5q7JWVVYwZKenzujK0Zd0E=
gopkg.in/check.v1 v0.0.0-20161208181325-20d25e280405/go.mod h1:Co6ibVJAznAaIkqp8huTwlJQCZ016jof/cbN4VW5Yz0=
gopkg.in/yaml.v3 v3.0.0-20200313102051-9f266ea9e77c/go.mod h1:K4uyk7z7BCEPqu6E+C64Yfv1cQ7kz7rIZviUmN+EgEM=
