github.com/beevik/etree v1.6.0 h1:u8Kwy8pp9D9XeITj2Z0XtA5qqZEmtJtuXZRQi+j03eE=
github.com/beevik/etree v1.6.0/go.mod h1:bh4zJxiIr62SOf9pRzN7UUYaEDa9HEKafK25+sLc0Gc=
github.com/davecgh/go-spew v1.1.0/go.mod h1:J7Y8YcW2NihsgmVo/mv3lAwl/skON4iLHjSsI+c5H38=
github.com/davecgh/go-spew v1.1.1 h1:vj9j/u1bqnvCEfJOwUhtlOARqs3+rkHYY13jYWTU97c=
github.com/davecgh/go-spew v1.1.1/go.mod h1:J7Y8YcW2NihsgmVo/mv3lAwl/skON4iLHjSsI+c5H38=
github.com/go-jose/go-jose/v4 v4.1.4 h1:moDMcTHmvE6Groj34emNPLs/qtYXRVcd6S7NHbHz3kA=
github.com/go-jose/go-jose/v4 v4.1.4/go.mod h1:x4oUasVrzR7071A4TnHLGSPpNOm2a21K9Kf04k1rs08=
github.com/golang-jwt/jwt/v5 v5.3.1 h1:kYf81DTWFe7t+1VvL7eS+jKFVWaUnK9cB1qbwn63YCY=
github.com/golang-jwt/jwt/v5 v5.3.1/go.mod h1:fxCRLWMO43lRc8nhHWY6LGqRcf+1gQWArsqaEUEa5bE=
github.com/google/go-cmp v0.7.0 h1:wk8382ETsv4JYUZwIsn6YpYiWiBsYLSJiTsyBybVuN8=
github.com/google/go-cmp v0.7.0/go.mod h1:pXiqmnSA92OHEEa9HXL2W4E7lf9JzCmGVUdgjX3N/iU=
github.com/google/uuid v1.6.0 h1:NIvaJDMOsjHA8n1jAhLSgzrAzy1Hgr+hNrb57e+94F0=
github.com/google/uuid v1.6.0/go.mod h1:TIyPZe4MgqvfeYDBFedMoGGpEw/LqOeaOT+nhxU+yHo=
github.com/gopacket/gopacket v1.5.0 h1:9s9fcSUVKFlRV97B77Bq9XNV3ly2gvvsneFMQUGjc+M=
github.com/gopacket/gopacket v1.5.0/go.mod h1:i3NaGaqfoWKAr1+g7qxEdWsmfT+MXuWkAe9+THv8LME=
github.com/in4it/go-devops-platform v0.1.9 h1:ycLjC9zxBKTXf89nn1qS6Kn86yX69KmnWUlJl0Dorys=
github.com/in4it/go-devops-platform v0.1.9/go.mod h1:W4/QmjbfzHMhnNEzJL42Sx1G4s3li85yMcDxQzh+GR0=
github.com/jonboulle/clockwork v0.5.0 h1:Hyh9A8u51kptdkR+cqRpT1EebBwTn1oK9YfGYbdFz6I=
github.com/jonboulle/clockwork v0.5.0/go.mod h1:3mZlmanh0g2NDKO5TWZVJAfofYk64M7XN3SzBPjZF60=
github.com/mattermost/xml-roundtrip-validator v0.1.0 h1:RXbVD2UAl7A7nOTR4u7E3ILa4IbtvKBHw64LDsmu9hU=
github.com/mattermost/xml-roundtrip-validator v0.1.0/go.mod h1:qccnGMcpgwcNaBnxqpJpWWUiPNr5H3O8eDgGV9gT5To=
github.com/mdlayher/genetlink v1.4.0 h1:f/Xs7Y2T+GyX9b3dbiUhnLE9InGs5F9RxJ2JwBMl71o=
github.com/mdlayher/genetlink v1.4.0/go.mod h1:d1hrKr8fwZU2JkcAtQUAzeTrI7nbgQSl+5k1cC0biSA=
github.com/mdlayher/netlink v1.10.0 h1:K7NHm0iQh2nOtfsj/YNNSN1s7T5JGtNCNwP66OKNiEw=
github.com/mdlayher/netlink v1.10.0/go.mod h1:YBnl5BXsCoRuwBjKKlZ+aYmEoq0r12FDA/3JC+94KDg=
github.com/mdlayher/socket v0.6.0 h1:ScZPaAGyO1icQnbFrhPM8mnXyMu9qukC1K4ZoM2IQKU=
github.com/mdlayher/socket v0.6.0/go.mod h1:q7vozUAnxSqnjHc12Fik5yUKIzfZ8ITCfMkhOtE9z18=
github.com/packetcap/go-pcap v0.0.0-20251215121130-f2cf9f991e7c h1:B5gWB1LB6OxpoXz+FsLUhQEcCAtMpajhBZ2K0X9KjfE=
github.com/packetcap/go-pcap v0.0.0-20251215121130-f2cf9f991e7c/go.mod h1:1jryUz9E2ndKwZBNHzVhLMzS3WHO0fOKydYi9XWWu9w=
github.com/pmezard/go-difflib v1.0.0 h1:4DBwDE0NGyQoBHbLQYPwSUPoCMWR5BEzIk/f1lZbAQM=
github.com/pmezard/go-difflib v1.0.0/go.mod h1:iKH77koFhYxTK1pcRnkKkqfTogsbg7gZNVY4sRDYZ/4=
github.com/russellhaering/gosaml2 v0.11.0 h1:wlWm7dWMrpJBzh0xEOZof70nVen4f/2BEF8ZXaidJ9o=
github.com/russellhaering/gosaml2 v0.11.0/go.mod h1:GmL5LeCP7PBYzSkkFxtmHuRzC2eUZ/6JSLYQd5fzKK4=
github.com/russellhaering/goxmldsig v1.6.0 h1:8fdWXEPh2k/NZNQBPFNoVfS3JmzS4ZprY/sAOpKQLks=
github.com/russellhaering/goxmldsig v1.6.0/go.mod h1:TrnaquDcYxWXfJrOjeMBTX4mLBeYAqaHEyUeWPxZlBM=
github.com/sirupsen/logrus v1.9.4 h1:TsZE7l11zFCLZnZ+teH4Umoq5BhEIfIzfRDZ1Uzql2w=
github.com/sirupsen/logrus v1.9.4/go.mod h1:ftWc9WdOfJ0a92nsE2jF5u5ZwH8Bv2zdeOC42RjbV2g=
github.com/stretchr/objx v0.1.0/go.mod h1:HFkY916IF+rwdDfMAkV7OtwuqBVzrE8GR6GFx+wExME=
github.com/stretchr/testify v1.6.1/go.mod h1:6Fq8oRcR53rry900zMqJjRRixrwX3KX962/h/Wwjteg=
github.com/stretchr/testify v1.11.1 h1:7s2iGBzp5EwR7/aIZr8ao5+dra3wiQyKjjFuvgVKu7U=
github.com/stretchr/testify v1.11.1/go.mod h1:wZwfW3scLgRK+23gO65QZefKpKQRnfz6sD981Nm4B6U=
golang.org/x/crypto v0.49.0 h1:+Ng2ULVvLHnJ/ZFEq4KdcDd/cfjrrjjNSXNzxg0Y4U4=
golang.org/x/crypto v0.49.0/go.mod h1:ErX4dUh2UM+CFYiXZRTcMpEcN8b/1gxEuv3nODoYtCA=
golang.org/x/net v0.52.0 h1:He/TN1l0e4mmR3QqHMT2Xab3Aj3L9qjbhRm78/6jrW0=
golang.org/x/net v0.52.0/go.mod h1:R1MAz7uMZxVMualyPXb+VaqGSa3LIaUqk0eEt3w36Sw=
golang.org/x/sync v0.20.0 h1:e0PTpb7pjO8GAtTs2dQ6jYa5BWYlMuX047Dco/pItO4=
golang.org/x/sync v0.20.0/go.mod h1:9xrNwdLfx4jkKbNva9FpL6vEN7evnE43NNNJQ2LF3+0=
golang.org/x/sys v0.42.0 h1:omrd2nAlyT5ESRdCLYdm3+fMfNFE/+Rf4bDIQImRJeo=
golang.org/x/sys v0.42.0/go.mod h1:4GL1E5IUh+htKOUEOaiffhrAeqysfVGipDYzABqnCmw=
golang.org/x/term v0.41.0 h1:QCgPso/Q3RTJx2Th4bDLqML4W6iJiaXFq2/ftQF13YU=
golang.org/x/term v0.41.0/go.mod h1:3pfBgksrReYfZ5lvYM0kSO0LIkAl4Yl2bXOkKP7Ec2A=
golang.org/x/text v0.35.0 h1:JOVx6vVDFokkpaq1AEptVzLTpDe9KGpj5tR4/X+ybL8=
golang.org/x/text v0.35.0/go.mod h1:khi/HExzZJ2pGnjenulevKNX1W67CUy0AsXcNubPGCA=
gopkg.in/check.v1 v0.0.0-20161208181325-20d25e280405/go.mod h1:Co6ibVJAznAaIkqp8huTwlJQCZ016jof/cbN4VW5Yz0=
gopkg.in/yaml.v3 v3.0.0-20200313102051-9f266ea9e77c/go.mod h1:K4uyk7z7BCEPqu6E+C64Yfv1cQ7kz7rIZviUmN+EgEM=
gopkg.in/yaml.v3 v3.0.1 h1:fxVm/GzAzEWqLHuvctI91KS9hhNmmWOoWu0XTYJS7CA=
gopkg.in/yaml.v3 v3.0.1/go.mod h1:K4uyk7z7BCEPqu6E+C64Yfv1cQ7kz7rIZviUmN+EgEM=
