github.com/beevik/etree v1.6.0 h1:u8Kwy8pp9D9XeITj2Z0XtA5qqZEmtJtuXZRQi+j03eE=
github.com/beevik/etree v1.6.0/go.mod h1:bh4zJxiIr62SOf9pRzN7UUYaEDa9HEKafK25+sLc0Gc=
github.com/davecgh/go-spew v1.1.0/go.mod h1:J7Y8YcW2NihsgmVo/mv3lAwl/skON4iLHjSsI+c5H38=
github.com/davecgh/go-spew v1.1.1 h1:vj9j/u1bqnvCEfJOwUhtlOARqs3+rkHYY13jYWTU97c=
github.com/davecgh/go-spew v1.1.1/go.mod h1:J7Y8YcW2NihsgmVo/mv3lAwl/skON4iLHjSsI+c5H38=
github.com/go-jose/go-jose/v4 v4.1.2 h1:TK/7NqRQZfgAh+Td8AlsrvtPoUyiHh0LqVvokh+1vHI=
github.com/go-jose/go-jose/v4 v4.1.2/go.mod h1:22cg9HWM1pOlnRiY+9cQYJ9XHmya1bYW8OeDM6Ku6Oo=
github.com/golang-jwt/jwt/v5 v5.3.0 h1:pv4AsKCKKZuqlgs5sUmn4x8UlGa0kEVt/puTpKx9vvo=
github.com/golang-jwt/jwt/v5 v5.3.0/go.mod h1:fxCRLWMO43lRc8nhHWY6LGqRcf+1gQWArsqaEUEa5bE=
github.com/google/go-cmp v0.7.0 h1:wk8382ETsv4JYUZwIsn6YpYiWiBsYLSJiTsyBybVuN8=
github.com/google/go-cmp v0.7.0/go.mod h1:pXiqmnSA92OHEEa9HXL2W4E7lf9JzCmGVUdgjX3N/iU=
github.com/google/uuid v1.6.0 h1:NIvaJDMOsjHA8n1jAhLSgzrAzy1Hgr+hNrb57e+94F0=
github.com/google/uuid v1.6.0/go.mod h1:TIyPZe4MgqvfeYDBFedMoGGpEw/LqOeaOT+nhxU+yHo=
github.com/gopacket/gopacket v1.4.0 h1:cr1OlFpzksCkZHNO0eLjaSSOrMQnpPXg0j6qHIY3y2U=
github.com/gopacket/gopacket v1.4.0/go.mod h1:EpvsxINeehp5qj4YMKMLf2/dekdhKn2IIAO/ZOifS7o=
github.com/in4it/go-devops-platform v0.1.5 h1:pCVA7jRd5kdIAAsrkQmppLvByRcNR0/9LntO6+bMlL8=
github.com/in4it/go-devops-platform v0.1.5/go.mod h1:HFbIY34RQwyX9svB8ep+v9vHv15G3gHOfvkwpquRYpI=
github.com/jonboulle/clockwork v0.5.0 h1:Hyh9A8u51kptdkR+cqRpT1EebBwTn1oK9YfGYbdFz6I=
github.com/jonboulle/clockwork v0.5.0/go.mod h1:3mZlmanh0g2NDKO5TWZVJAfofYk64M7XN3SzBPjZF60=
github.com/mattermost/xml-roundtrip-validator v0.1.0 h1:RXbVD2UAl7A7nOTR4u7E3ILa4IbtvKBHw64LDsmu9hU=
github.com/mattermost/xml-roundtrip-validator v0.1.0/go.mod h1:qccnGMcpgwcNaBnxqpJpWWUiPNr5H3O8eDgGV9gT5To=
github.com/mdlayher/genetlink v1.3.2 h1:KdrNKe+CTu+IbZnm/GVUMXSqBBLqcGpRDa0xkQy56gw=
github.com/mdlayher/genetlink v1.3.2/go.mod h1:tcC3pkCrPUGIKKsCsp0B3AdaaKuHtaxoJRz3cc+528o=
github.com/mdlayher/netlink v1.8.0 h1:e7XNIYJKD7hUct3Px04RuIGJbBxy1/c4nX7D5YyvvlM=
github.com/mdlayher/netlink v1.8.0/go.mod h1:UhgKXUlDQhzb09DrCl2GuRNEglHmhYoWAHid9HK3594=
github.com/mdlayher/socket v0.5.1 h1:VZaqt6RkGkt2OE9l3GcC6nZkqD3xKeQLyfleW/uBcos=
github.com/mdlayher/socket v0.5.1/go.mod h1:TjPLHI1UgwEv5J1B5q0zTZq12A/6H7nKmtTanQE37IQ=
github.com/packetcap/go-pcap v0.0.0-20250723190045-d00b185f30b7 h1:MfXxQU9tEe3zmyLVVwE8gJwQVtsG2aqzBkFNz0N6eAo=
github.com/packetcap/go-pcap v0.0.0-20250723190045-d00b185f30b7/go.mod h1:1jryUz9E2ndKwZBNHzVhLMzS3WHO0fOKydYi9XWWu9w=
github.com/pmezard/go-difflib v1.0.0 h1:4DBwDE0NGyQoBHbLQYPwSUPoCMWR5BEzIk/f1lZbAQM=
github.com/pmezard/go-difflib v1.0.0/go.mod h1:iKH77koFhYxTK1pcRnkKkqfTogsbg7gZNVY4sRDYZ/4=
github.com/russellhaering/gosaml2 v0.10.0 h1:z7JTpKmC4JVG94tvSQz4lszUdKLt+uy5c6lEkhdEz3Y=
github.com/russellhaering/gosaml2 v0.10.0/go.mod h1:XLwI/5aWV4E2X9p+qj6LgRwiYGv2nh4YS6pQBGlQ0Cc=
github.com/russellhaering/goxmldsig v1.5.0 h1:AU2UkkYIUOTyZRbe08XMThaOCelArgvNfYapcmSjBNw=
github.com/russellhaering/goxmldsig v1.5.0/go.mod h1:x98CjQNFJcWfMxeOrMnMKg70lvDP6tE0nTaeUnjXDmk=
github.com/sirupsen/logrus v1.9.3 h1:dueUQJ1C2q9oE3F7wvmSGAaVtTmUizReu6fjN8uqzbQ=
github.com/sirupsen/logrus v1.9.3/go.mod h1:naHLuLoDiP4jHNo9R0sCBMtWGeIprob74mVsIT4qYEQ=
github.com/stretchr/objx v0.1.0/go.mod h1:HFkY916IF+rwdDfMAkV7OtwuqBVzrE8GR6GFx+wExME=
github.com/stretchr/testify v1.6.1/go.mod h1:6Fq8oRcR53rry900zMqJjRRixrwX3KX962/h/Wwjteg=
github.com/stretchr/testify v1.7.0/go.mod h1:6Fq8oRcR53rry900zMqJjRRixrwX3KX962/h/Wwjteg=
github.com/stretchr/testify v1.10.0 h1:Xv5erBjTwe/5IxqUQTdXv5kgmIvbHo3QQyRwhJsOfJA=
github.com/stretchr/testify v1.10.0/go.mod h1:r2ic/lqez/lEtzL7wO/rwa5dbSLXVDPFyf8C91i36aY=
golang.org/x/crypto v0.42.0 h1:chiH31gIWm57EkTXpwnqf8qeuMUi0yekh6mT2AvFlqI=
golang.org/x/crypto v0.42.0/go.mod h1:4+rDnOTJhQCx2q7/j6rAN5XDw8kPjeaXEUR2eL94ix8=
golang.org/x/net v0.44.0 h1:evd8IRDyfNBMBTTY5XRF1vaZlD+EmWx6x8PkhR04H/I=
golang.org/x/net v0.44.0/go.mod h1:ECOoLqd5U3Lhyeyo/QDCEVQ4sNgYsqvCZ722XogGieY=
golang.org/x/sync v0.17.0 h1:l60nONMj9l5drqw6jlhIELNv9I0A4OFgRsG9k2oT9Ug=
golang.org/x/sync v0.17.0/go.mod h1:9KTHXmSnoGruLpwFjVSX0lNNA75CykiMECbovNTZqGI=
golang.org/x/sys v0.0.0-20220715151400-c0bba94af5f8/go.mod h1:oPkhp1MJrh7nUepCBck5+mAzfO9JrbApNNgaTdGDITg=
golang.org/x/sys v0.36.0 h1:KVRy2GtZBrk1cBYA7MKu5bEZFxQk4NIDV6RLVcC8o0k=
golang.org/x/sys v0.36.0/go.mod h1:OgkHotnGiDImocRcuBABYBEXf8A9a87e/uXjp9XT3ks=
golang.org/x/term v0.35.0 h1:bZBVKBudEyhRcajGcNc3jIfWPqV4y/Kt2XcoigOWtDQ=
golang.org/x/term v0.35.0/go.mod h1:TPGtkTLesOwf2DE8CgVYiZinHAOuy5AYUYT1lENIZnA=
golang.org/x/text v0.29.0 h1:1neNs90w9YzJ9BocxfsQNHKuAT4pkghyXc4nhZ6sJvk=
golang.org/x/text v0.29.0/go.mod h1:7MhJOA9CD2qZyOKYazxdYMF85OwPdEr9jTtBpO7ydH4=
gopkg.in/check.v1 v0.0.0-20161208181325-20d25e280405/go.mod h1:Co6ibVJAznAaIkqp8huTwlJQCZ016jof/cbN4VW5Yz0=
gopkg.in/yaml.v3 v3.0.0-20200313102051-9f266ea9e77c/go.mod h1:K4uyk7z7BCEPqu6E+C64Yfv1cQ7kz7rIZviUmN+EgEM=
gopkg.in/yaml.v3 v3.0.1 h1:fxVm/GzAzEWqLHuvctI91KS9hhNmmWOoWu0XTYJS7CA=
gopkg.in/yaml.v3 v3.0.1/go.mod h1:K4uyk7z7BCEPqu6E+C64Yfv1cQ7kz7rIZviUmN+EgEM=
